
Microsoft Visual Studio Solution File, Format Version 12.00
# Visual Studio 15
VisualStudioVersion = 15.0.28010.2016
MinimumVisualStudioVersion = 10.0.40219.1
Project("{FAE04EC0-301F-11D3-BF4B-00C04F79EFBC}") = "Sales.Android", "Sales\Sales.Android\Sales.Android.csproj", "{E496874E-6784-45E3-99AC-7FF39E03F36A}"
EndProject
Project("{FAE04EC0-301F-11D3-BF4B-00C04F79EFBC}") = "Sales.iOS", "Sales\Sales.iOS\Sales.iOS.csproj", "{7B1F59AD-302E-4DFA-946D-6D23FD39BA69}"
EndProject
Project("{FAE04EC0-301F-11D3-BF4B-00C04F79EFBC}") = "Sales.UWP", "Sales\Sales.UWP\Sales.UWP.csproj", "{D6565651-F692-429F-858E-8BEEF843714B}"
EndProject
Project("{FAE04EC0-301F-11D3-BF4B-00C04F79EFBC}") = "Sales", "Sales\Sales\Sales.csproj", "{AAC0F9AF-AB6B-448C-9DBE-E661ADF626E8}"
EndProject
Project("{FAE04EC0-301F-11D3-BF4B-00C04F79EFBC}") = "Sales.Backend", "Sales.Backend\Sales.Backend.csproj", "{45B5DD21-8E93-43DB-AA01-258AEEA072DC}"
EndProject
Project("{FAE04EC0-301F-11D3-BF4B-00C04F79EFBC}") = "Sales.API", "Sales.API\Sales.API.csproj", "{72928EB9-092C-49D8-8470-31AA5AEE7D02}"
EndProject
Project("{FAE04EC0-301F-11D3-BF4B-00C04F79EFBC}") = "Sales.Domain", "Sales.Domain\Sales.Domain.csproj", "{22B2B3AB-73D6-45D0-A06D-75019F1D2126}"
EndProject
Project("{FAE04EC0-301F-11D3-BF4B-00C04F79EFBC}") = "Sales.Common", "Sales.Common\Sales.Common.csproj", "{B67DE217-4AE9-46D4-83FD-FCB66A267E02}"
EndProject
Global
	GlobalSection(SolutionConfigurationPlatforms) = preSolution
		Ad-Hoc|Any CPU = Ad-Hoc|Any CPU
		Ad-Hoc|ARM = Ad-Hoc|ARM
		Ad-Hoc|iPhone = Ad-Hoc|iPhone
		Ad-Hoc|iPhoneSimulator = Ad-Hoc|iPhoneSimulator
		Ad-Hoc|x64 = Ad-Hoc|x64
		Ad-Hoc|x86 = Ad-Hoc|x86
		AppStore|Any CPU = AppStore|Any CPU
		AppStore|ARM = AppStore|ARM
		AppStore|iPhone = AppStore|iPhone
		AppStore|iPhoneSimulator = AppStore|iPhoneSimulator
		AppStore|x64 = AppStore|x64
		AppStore|x86 = AppStore|x86
		Debug|Any CPU = Debug|Any CPU
		Debug|ARM = Debug|ARM
		Debug|iPhone = Debug|iPhone
		Debug|iPhoneSimulator = Debug|iPhoneSimulator
		Debug|x64 = Debug|x64
		Debug|x86 = Debug|x86
		Release|Any CPU = Release|Any CPU
		Release|ARM = Release|ARM
		Release|iPhone = Release|iPhone
		Release|iPhoneSimulator = Release|iPhoneSimulator
		Release|x64 = Release|x64
		Release|x86 = Release|x86
	EndGlobalSection
	GlobalSection(ProjectConfigurationPlatforms) = postSolution
		{E496874E-6784-45E3-99AC-7FF39E03F36A}.Ad-Hoc|Any CPU.ActiveCfg = Release|Any CPU
		{E496874E-6784-45E3-99AC-7FF39E03F36A}.Ad-Hoc|Any CPU.Build.0 = Release|Any CPU
		{E496874E-6784-45E3-99AC-7FF39E03F36A}.Ad-Hoc|Any CPU.Deploy.0 = Release|Any CPU
		{E496874E-6784-45E3-99AC-7FF39E03F36A}.Ad-Hoc|ARM.ActiveCfg = Release|Any CPU
		{E496874E-6784-45E3-99AC-7FF39E03F36A}.Ad-Hoc|ARM.Build.0 = Release|Any CPU
		{E496874E-6784-45E3-99AC-7FF39E03F36A}.Ad-Hoc|ARM.Deploy.0 = Release|Any CPU
		{E496874E-6784-45E3-99AC-7FF39E03F36A}.Ad-Hoc|iPhone.ActiveCfg = Release|Any CPU
		{E496874E-6784-45E3-99AC-7FF39E03F36A}.Ad-Hoc|iPhone.Build.0 = Release|Any CPU
		{E496874E-6784-45E3-99AC-7FF39E03F36A}.Ad-Hoc|iPhone.Deploy.0 = Release|Any CPU
		{E496874E-6784-45E3-99AC-7FF39E03F36A}.Ad-Hoc|iPhoneSimulator.ActiveCfg = Release|Any CPU
		{E496874E-6784-45E3-99AC-7FF39E03F36A}.Ad-Hoc|iPhoneSimulator.Build.0 = Release|Any CPU
		{E496874E-6784-45E3-99AC-7FF39E03F36A}.Ad-Hoc|iPhoneSimulator.Deploy.0 = Release|Any CPU
		{E496874E-6784-45E3-99AC-7FF39E03F36A}.Ad-Hoc|x64.ActiveCfg = Release|Any CPU
		{E496874E-6784-45E3-99AC-7FF39E03F36A}.Ad-Hoc|x64.Build.0 = Release|Any CPU
		{E496874E-6784-45E3-99AC-7FF39E03F36A}.Ad-Hoc|x64.Deploy.0 = Release|Any CPU
		{E496874E-6784-45E3-99AC-7FF39E03F36A}.Ad-Hoc|x86.ActiveCfg = Release|Any CPU
		{E496874E-6784-45E3-99AC-7FF39E03F36A}.Ad-Hoc|x86.Build.0 = Release|Any CPU
		{E496874E-6784-45E3-99AC-7FF39E03F36A}.Ad-Hoc|x86.Deploy.0 = Release|Any CPU
		{E496874E-6784-45E3-99AC-7FF39E03F36A}.AppStore|Any CPU.ActiveCfg = Release|Any CPU
		{E496874E-6784-45E3-99AC-7FF39E03F36A}.AppStore|Any CPU.Build.0 = Release|Any CPU
		{E496874E-6784-45E3-99AC-7FF39E03F36A}.AppStore|Any CPU.Deploy.0 = Release|Any CPU
		{E496874E-6784-45E3-99AC-7FF39E03F36A}.AppStore|ARM.ActiveCfg = Release|Any CPU
		{E496874E-6784-45E3-99AC-7FF39E03F36A}.AppStore|ARM.Build.0 = Release|Any CPU
		{E496874E-6784-45E3-99AC-7FF39E03F36A}.AppStore|ARM.Deploy.0 = Release|Any CPU
		{E496874E-6784-45E3-99AC-7FF39E03F36A}.AppStore|iPhone.ActiveCfg = Release|Any CPU
		{E496874E-6784-45E3-99AC-7FF39E03F36A}.AppStore|iPhone.Build.0 = Release|Any CPU
		{E496874E-6784-45E3-99AC-7FF39E03F36A}.AppStore|iPhone.Deploy.0 = Release|Any CPU
		{E496874E-6784-45E3-99AC-7FF39E03F36A}.AppStore|iPhoneSimulator.ActiveCfg = Release|Any CPU
		{E496874E-6784-45E3-99AC-7FF39E03F36A}.AppStore|iPhoneSimulator.Build.0 = Release|Any CPU
		{E496874E-6784-45E3-99AC-7FF39E03F36A}.AppStore|iPhoneSimulator.Deploy.0 = Release|Any CPU
		{E496874E-6784-45E3-99AC-7FF39E03F36A}.AppStore|x64.ActiveCfg = Release|Any CPU
		{E496874E-6784-45E3-99AC-7FF39E03F36A}.AppStore|x64.Build.0 = Release|Any CPU
		{E496874E-6784-45E3-99AC-7FF39E03F36A}.AppStore|x64.Deploy.0 = Release|Any CPU
		{E496874E-6784-45E3-99AC-7FF39E03F36A}.AppStore|x86.ActiveCfg = Release|Any CPU
		{E496874E-6784-45E3-99AC-7FF39E03F36A}.AppStore|x86.Build.0 = Release|Any CPU
		{E496874E-6784-45E3-99AC-7FF39E03F36A}.AppStore|x86.Deploy.0 = Release|Any CPU
		{E496874E-6784-45E3-99AC-7FF39E03F36A}.Debug|Any CPU.ActiveCfg = Debug|Any CPU
		{E496874E-6784-45E3-99AC-7FF39E03F36A}.Debug|Any CPU.Build.0 = Debug|Any CPU
		{E496874E-6784-45E3-99AC-7FF39E03F36A}.Debug|Any CPU.Deploy.0 = Debug|Any CPU
		{E496874E-6784-45E3-99AC-7FF39E03F36A}.Debug|ARM.ActiveCfg = Debug|Any CPU
		{E496874E-6784-45E3-99AC-7FF39E03F36A}.Debug|ARM.Build.0 = Debug|Any CPU
		{E496874E-6784-45E3-99AC-7FF39E03F36A}.Debug|ARM.Deploy.0 = Debug|Any CPU
		{E496874E-6784-45E3-99AC-7FF39E03F36A}.Debug|iPhone.ActiveCfg = Debug|Any CPU
		{E496874E-6784-45E3-99AC-7FF39E03F36A}.Debug|iPhone.Build.0 = Debug|Any CPU
		{E496874E-6784-45E3-99AC-7FF39E03F36A}.Debug|iPhone.Deploy.0 = Debug|Any CPU
		{E496874E-6784-45E3-99AC-7FF39E03F36A}.Debug|iPhoneSimulator.ActiveCfg = Debug|Any CPU
		{E496874E-6784-45E3-99AC-7FF39E03F36A}.Debug|iPhoneSimulator.Build.0 = Debug|Any CPU
		{E496874E-6784-45E3-99AC-7FF39E03F36A}.Debug|iPhoneSimulator.Deploy.0 = Debug|Any CPU
		{E496874E-6784-45E3-99AC-7FF39E03F36A}.Debug|x64.ActiveCfg = Debug|Any CPU
		{E496874E-6784-45E3-99AC-7FF39E03F36A}.Debug|x64.Build.0 = Debug|Any CPU
		{E496874E-6784-45E3-99AC-7FF39E03F36A}.Debug|x64.Deploy.0 = Debug|Any CPU
		{E496874E-6784-45E3-99AC-7FF39E03F36A}.Debug|x86.ActiveCfg = Debug|Any CPU
		{E496874E-6784-45E3-99AC-7FF39E03F36A}.Debug|x86.Build.0 = Debug|Any CPU
		{E496874E-6784-45E3-99AC-7FF39E03F36A}.Debug|x86.Deploy.0 = Debug|Any CPU
		{E496874E-6784-45E3-99AC-7FF39E03F36A}.Release|Any CPU.ActiveCfg = Release|Any CPU
		{E496874E-6784-45E3-99AC-7FF39E03F36A}.Release|Any CPU.Build.0 = Release|Any CPU
		{E496874E-6784-45E3-99AC-7FF39E03F36A}.Release|Any CPU.Deploy.0 = Release|Any CPU
		{E496874E-6784-45E3-99AC-7FF39E03F36A}.Release|ARM.ActiveCfg = Release|Any CPU
		{E496874E-6784-45E3-99AC-7FF39E03F36A}.Release|ARM.Build.0 = Release|Any CPU
		{E496874E-6784-45E3-99AC-7FF39E03F36A}.Release|ARM.Deploy.0 = Release|Any CPU
		{E496874E-6784-45E3-99AC-7FF39E03F36A}.Release|iPhone.ActiveCfg = Release|Any CPU
		{E496874E-6784-45E3-99AC-7FF39E03F36A}.Release|iPhone.Build.0 = Release|Any CPU
		{E496874E-6784-45E3-99AC-7FF39E03F36A}.Release|iPhone.Deploy.0 = Release|Any CPU
		{E496874E-6784-45E3-99AC-7FF39E03F36A}.Release|iPhoneSimulator.ActiveCfg = Release|Any CPU
		{E496874E-6784-45E3-99AC-7FF39E03F36A}.Release|iPhoneSimulator.Build.0 = Release|Any CPU
		{E496874E-6784-45E3-99AC-7FF39E03F36A}.Release|iPhoneSimulator.Deploy.0 = Release|Any CPU
		{E496874E-6784-45E3-99AC-7FF39E03F36A}.Release|x64.ActiveCfg = Release|Any CPU
		{E496874E-6784-45E3-99AC-7FF39E03F36A}.Release|x64.Build.0 = Release|Any CPU
		{E496874E-6784-45E3-99AC-7FF39E03F36A}.Release|x64.Deploy.0 = Release|Any CPU
		{E496874E-6784-45E3-99AC-7FF39E03F36A}.Release|x86.ActiveCfg = Release|Any CPU
		{E496874E-6784-45E3-99AC-7FF39E03F36A}.Release|x86.Build.0 = Release|Any CPU
		{E496874E-6784-45E3-99AC-7FF39E03F36A}.Release|x86.Deploy.0 = Release|Any CPU
		{7B1F59AD-302E-4DFA-946D-6D23FD39BA69}.Ad-Hoc|Any CPU.ActiveCfg = Ad-Hoc|iPhone
		{7B1F59AD-302E-4DFA-946D-6D23FD39BA69}.Ad-Hoc|Any CPU.Build.0 = Ad-Hoc|iPhone
		{7B1F59AD-302E-4DFA-946D-6D23FD39BA69}.Ad-Hoc|Any CPU.Deploy.0 = Ad-Hoc|iPhone
		{7B1F59AD-302E-4DFA-946D-6D23FD39BA69}.Ad-Hoc|ARM.ActiveCfg = Ad-Hoc|iPhone
		{7B1F59AD-302E-4DFA-946D-6D23FD39BA69}.Ad-Hoc|ARM.Build.0 = Ad-Hoc|iPhone
		{7B1F59AD-302E-4DFA-946D-6D23FD39BA69}.Ad-Hoc|ARM.Deploy.0 = Ad-Hoc|iPhone
		{7B1F59AD-302E-4DFA-946D-6D23FD39BA69}.Ad-Hoc|iPhone.ActiveCfg = Ad-Hoc|iPhone
		{7B1F59AD-302E-4DFA-946D-6D23FD39BA69}.Ad-Hoc|iPhone.Build.0 = Ad-Hoc|iPhone
		{7B1F59AD-302E-4DFA-946D-6D23FD39BA69}.Ad-Hoc|iPhone.Deploy.0 = Ad-Hoc|iPhone
		{7B1F59AD-302E-4DFA-946D-6D23FD39BA69}.Ad-Hoc|iPhoneSimulator.ActiveCfg = Ad-Hoc|iPhoneSimulator
		{7B1F59AD-302E-4DFA-946D-6D23FD39BA69}.Ad-Hoc|iPhoneSimulator.Build.0 = Ad-Hoc|iPhoneSimulator
		{7B1F59AD-302E-4DFA-946D-6D23FD39BA69}.Ad-Hoc|iPhoneSimulator.Deploy.0 = Ad-Hoc|iPhoneSimulator
		{7B1F59AD-302E-4DFA-946D-6D23FD39BA69}.Ad-Hoc|x64.ActiveCfg = Ad-Hoc|iPhone
		{7B1F59AD-302E-4DFA-946D-6D23FD39BA69}.Ad-Hoc|x64.Build.0 = Ad-Hoc|iPhone
		{7B1F59AD-302E-4DFA-946D-6D23FD39BA69}.Ad-Hoc|x64.Deploy.0 = Ad-Hoc|iPhone
		{7B1F59AD-302E-4DFA-946D-6D23FD39BA69}.Ad-Hoc|x86.ActiveCfg = Ad-Hoc|iPhone
		{7B1F59AD-302E-4DFA-946D-6D23FD39BA69}.Ad-Hoc|x86.Build.0 = Ad-Hoc|iPhone
		{7B1F59AD-302E-4DFA-946D-6D23FD39BA69}.Ad-Hoc|x86.Deploy.0 = Ad-Hoc|iPhone
		{7B1F59AD-302E-4DFA-946D-6D23FD39BA69}.AppStore|Any CPU.ActiveCfg = AppStore|iPhone
		{7B1F59AD-302E-4DFA-946D-6D23FD39BA69}.AppStore|Any CPU.Build.0 = AppStore|iPhone
		{7B1F59AD-302E-4DFA-946D-6D23FD39BA69}.AppStore|Any CPU.Deploy.0 = AppStore|iPhone
		{7B1F59AD-302E-4DFA-946D-6D23FD39BA69}.AppStore|ARM.ActiveCfg = AppStore|iPhone
		{7B1F59AD-302E-4DFA-946D-6D23FD39BA69}.AppStore|ARM.Build.0 = AppStore|iPhone
		{7B1F59AD-302E-4DFA-946D-6D23FD39BA69}.AppStore|ARM.Deploy.0 = AppStore|iPhone
		{7B1F59AD-302E-4DFA-946D-6D23FD39BA69}.AppStore|iPhone.ActiveCfg = AppStore|iPhone
		{7B1F59AD-302E-4DFA-946D-6D23FD39BA69}.AppStore|iPhone.Build.0 = AppStore|iPhone
		{7B1F59AD-302E-4DFA-946D-6D23FD39BA69}.AppStore|iPhone.Deploy.0 = AppStore|iPhone
		{7B1F59AD-302E-4DFA-946D-6D23FD39BA69}.AppStore|iPhoneSimulator.ActiveCfg = AppStore|iPhoneSimulator
		{7B1F59AD-302E-4DFA-946D-6D23FD39BA69}.AppStore|iPhoneSimulator.Build.0 = AppStore|iPhoneSimulator
		{7B1F59AD-302E-4DFA-946D-6D23FD39BA69}.AppStore|iPhoneSimulator.Deploy.0 = AppStore|iPhoneSimulator
		{7B1F59AD-302E-4DFA-946D-6D23FD39BA69}.AppStore|x64.ActiveCfg = AppStore|iPhone
		{7B1F59AD-302E-4DFA-946D-6D23FD39BA69}.AppStore|x64.Build.0 = AppStore|iPhone
		{7B1F59AD-302E-4DFA-946D-6D23FD39BA69}.AppStore|x64.Deploy.0 = AppStore|iPhone
		{7B1F59AD-302E-4DFA-946D-6D23FD39BA69}.AppStore|x86.ActiveCfg = AppStore|iPhone
		{7B1F59AD-302E-4DFA-946D-6D23FD39BA69}.AppStore|x86.Build.0 = AppStore|iPhone
		{7B1F59AD-302E-4DFA-946D-6D23FD39BA69}.AppStore|x86.Deploy.0 = AppStore|iPhone
		{7B1F59AD-302E-4DFA-946D-6D23FD39BA69}.Debug|Any CPU.ActiveCfg = Debug|iPhoneSimulator
		{7B1F59AD-302E-4DFA-946D-6D23FD39BA69}.Debug|Any CPU.Build.0 = Debug|iPhoneSimulator
		{7B1F59AD-302E-4DFA-946D-6D23FD39BA69}.Debug|Any CPU.Deploy.0 = Debug|iPhoneSimulator
		{7B1F59AD-302E-4DFA-946D-6D23FD39BA69}.Debug|ARM.ActiveCfg = Debug|iPhone
		{7B1F59AD-302E-4DFA-946D-6D23FD39BA69}.Debug|ARM.Build.0 = Debug|iPhone
		{7B1F59AD-302E-4DFA-946D-6D23FD39BA69}.Debug|ARM.Deploy.0 = Debug|iPhone
		{7B1F59AD-302E-4DFA-946D-6D23FD39BA69}.Debug|iPhone.ActiveCfg = Debug|iPhone
		{7B1F59AD-302E-4DFA-946D-6D23FD39BA69}.Debug|iPhone.Build.0 = Debug|iPhone
		{7B1F59AD-302E-4DFA-946D-6D23FD39BA69}.Debug|iPhone.Deploy.0 = Debug|iPhone
		{7B1F59AD-302E-4DFA-946D-6D23FD39BA69}.Debug|iPhoneSimulator.ActiveCfg = Debug|iPhoneSimulator
		{7B1F59AD-302E-4DFA-946D-6D23FD39BA69}.Debug|iPhoneSimulator.Build.0 = Debug|iPhoneSimulator
		{7B1F59AD-302E-4DFA-946D-6D23FD39BA69}.Debug|iPhoneSimulator.Deploy.0 = Debug|iPhoneSimulator
		{7B1F59AD-302E-4DFA-946D-6D23FD39BA69}.Debug|x64.ActiveCfg = Debug|iPhone
		{7B1F59AD-302E-4DFA-946D-6D23FD39BA69}.Debug|x64.Build.0 = Debug|iPhone
		{7B1F59AD-302E-4DFA-946D-6D23FD39BA69}.Debug|x64.Deploy.0 = Debug|iPhone
		{7B1F59AD-302E-4DFA-946D-6D23FD39BA69}.Debug|x86.ActiveCfg = Debug|iPhone
		{7B1F59AD-302E-4DFA-946D-6D23FD39BA69}.Debug|x86.Build.0 = Debug|iPhone
		{7B1F59AD-302E-4DFA-946D-6D23FD39BA69}.Debug|x86.Deploy.0 = Debug|iPhone
		{7B1F59AD-302E-4DFA-946D-6D23FD39BA69}.Release|Any CPU.ActiveCfg = Release|iPhone
		{7B1F59AD-302E-4DFA-946D-6D23FD39BA69}.Release|Any CPU.Build.0 = Release|iPhone
		{7B1F59AD-302E-4DFA-946D-6D23FD39BA69}.Release|Any CPU.Deploy.0 = Release|iPhone
		{7B1F59AD-302E-4DFA-946D-6D23FD39BA69}.Release|ARM.ActiveCfg = Release|iPhone
		{7B1F59AD-302E-4DFA-946D-6D23FD39BA69}.Release|ARM.Build.0 = Release|iPhone
		{7B1F59AD-302E-4DFA-946D-6D23FD39BA69}.Release|ARM.Deploy.0 = Release|iPhone
		{7B1F59AD-302E-4DFA-946D-6D23FD39BA69}.Release|iPhone.ActiveCfg = Release|iPhone
		{7B1F59AD-302E-4DFA-946D-6D23FD39BA69}.Release|iPhone.Build.0 = Release|iPhone
		{7B1F59AD-302E-4DFA-946D-6D23FD39BA69}.Release|iPhone.Deploy.0 = Release|iPhone
		{7B1F59AD-302E-4DFA-946D-6D23FD39BA69}.Release|iPhoneSimulator.ActiveCfg = Release|iPhoneSimulator
		{7B1F59AD-302E-4DFA-946D-6D23FD39BA69}.Release|iPhoneSimulator.Build.0 = Release|iPhoneSimulator
		{7B1F59AD-302E-4DFA-946D-6D23FD39BA69}.Release|iPhoneSimulator.Deploy.0 = Release|iPhoneSimulator
		{7B1F59AD-302E-4DFA-946D-6D23FD39BA69}.Release|x64.ActiveCfg = Release|iPhone
		{7B1F59AD-302E-4DFA-946D-6D23FD39BA69}.Release|x64.Build.0 = Release|iPhone
		{7B1F59AD-302E-4DFA-946D-6D23FD39BA69}.Release|x64.Deploy.0 = Release|iPhone
		{7B1F59AD-302E-4DFA-946D-6D23FD39BA69}.Release|x86.ActiveCfg = Release|iPhone
		{7B1F59AD-302E-4DFA-946D-6D23FD39BA69}.Release|x86.Build.0 = Release|iPhone
		{7B1F59AD-302E-4DFA-946D-6D23FD39BA69}.Release|x86.Deploy.0 = Release|iPhone
		{D6565651-F692-429F-858E-8BEEF843714B}.Ad-Hoc|Any CPU.ActiveCfg = Release|x86
		{D6565651-F692-429F-858E-8BEEF843714B}.Ad-Hoc|Any CPU.Build.0 = Release|x86
		{D6565651-F692-429F-858E-8BEEF843714B}.Ad-Hoc|Any CPU.Deploy.0 = Release|x86
		{D6565651-F692-429F-858E-8BEEF843714B}.Ad-Hoc|ARM.ActiveCfg = Release|ARM
		{D6565651-F692-429F-858E-8BEEF843714B}.Ad-Hoc|ARM.Build.0 = Release|ARM
		{D6565651-F692-429F-858E-8BEEF843714B}.Ad-Hoc|ARM.Deploy.0 = Release|ARM
		{D6565651-F692-429F-858E-8BEEF843714B}.Ad-Hoc|iPhone.ActiveCfg = Release|x86
		{D6565651-F692-429F-858E-8BEEF843714B}.Ad-Hoc|iPhone.Build.0 = Release|x86
		{D6565651-F692-429F-858E-8BEEF843714B}.Ad-Hoc|iPhone.Deploy.0 = Release|x86
		{D6565651-F692-429F-858E-8BEEF843714B}.Ad-Hoc|iPhoneSimulator.ActiveCfg = Release|x86
		{D6565651-F692-429F-858E-8BEEF843714B}.Ad-Hoc|iPhoneSimulator.Build.0 = Release|x86
		{D6565651-F692-429F-858E-8BEEF843714B}.Ad-Hoc|iPhoneSimulator.Deploy.0 = Release|x86
		{D6565651-F692-429F-858E-8BEEF843714B}.Ad-Hoc|x64.ActiveCfg = Release|x64
		{D6565651-F692-429F-858E-8BEEF843714B}.Ad-Hoc|x64.Build.0 = Release|x64
		{D6565651-F692-429F-858E-8BEEF843714B}.Ad-Hoc|x64.Deploy.0 = Release|x64
		{D6565651-F692-429F-858E-8BEEF843714B}.Ad-Hoc|x86.ActiveCfg = Release|x86
		{D6565651-F692-429F-858E-8BEEF843714B}.Ad-Hoc|x86.Build.0 = Release|x86
		{D6565651-F692-429F-858E-8BEEF843714B}.Ad-Hoc|x86.Deploy.0 = Release|x86
		{D6565651-F692-429F-858E-8BEEF843714B}.AppStore|Any CPU.ActiveCfg = Release|x86
		{D6565651-F692-429F-858E-8BEEF843714B}.AppStore|Any CPU.Build.0 = Release|x86
		{D6565651-F692-429F-858E-8BEEF843714B}.AppStore|Any CPU.Deploy.0 = Release|x86
		{D6565651-F692-429F-858E-8BEEF843714B}.AppStore|ARM.ActiveCfg = Release|ARM
		{D6565651-F692-429F-858E-8BEEF843714B}.AppStore|ARM.Build.0 = Release|ARM
		{D6565651-F692-429F-858E-8BEEF843714B}.AppStore|ARM.Deploy.0 = Release|ARM
		{D6565651-F692-429F-858E-8BEEF843714B}.AppStore|iPhone.ActiveCfg = Release|x86
		{D6565651-F692-429F-858E-8BEEF843714B}.AppStore|iPhone.Build.0 = Release|x86
		{D6565651-F692-429F-858E-8BEEF843714B}.AppStore|iPhone.Deploy.0 = Release|x86
		{D6565651-F692-429F-858E-8BEEF843714B}.AppStore|iPhoneSimulator.ActiveCfg = Release|x86
		{D6565651-F692-429F-858E-8BEEF843714B}.AppStore|iPhoneSimulator.Build.0 = Release|x86
		{D6565651-F692-429F-858E-8BEEF843714B}.AppStore|iPhoneSimulator.Deploy.0 = Release|x86
		{D6565651-F692-429F-858E-8BEEF843714B}.AppStore|x64.ActiveCfg = Release|x64
		{D6565651-F692-429F-858E-8BEEF843714B}.AppStore|x64.Build.0 = Release|x64
		{D6565651-F692-429F-858E-8BEEF843714B}.AppStore|x64.Deploy.0 = Release|x64
		{D6565651-F692-429F-858E-8BEEF843714B}.AppStore|x86.ActiveCfg = Release|x86
		{D6565651-F692-429F-858E-8BEEF843714B}.AppStore|x86.Build.0 = Release|x86
		{D6565651-F692-429F-858E-8BEEF843714B}.AppStore|x86.Deploy.0 = Release|x86
		{D6565651-F692-429F-858E-8BEEF843714B}.Debug|Any CPU.ActiveCfg = Debug|x86
		{D6565651-F692-429F-858E-8BEEF843714B}.Debug|Any CPU.Build.0 = Debug|x86
		{D6565651-F692-429F-858E-8BEEF843714B}.Debug|Any CPU.Deploy.0 = Debug|x86
		{D6565651-F692-429F-858E-8BEEF843714B}.Debug|ARM.ActiveCfg = Debug|ARM
		{D6565651-F692-429F-858E-8BEEF843714B}.Debug|ARM.Build.0 = Debug|ARM
		{D6565651-F692-429F-858E-8BEEF843714B}.Debug|ARM.Deploy.0 = Debug|ARM
		{D6565651-F692-429F-858E-8BEEF843714B}.Debug|iPhone.ActiveCfg = Debug|x86
		{D6565651-F692-429F-858E-8BEEF843714B}.Debug|iPhone.Build.0 = Debug|x86
		{D6565651-F692-429F-858E-8BEEF843714B}.Debug|iPhone.Deploy.0 = Debug|x86
		{D6565651-F692-429F-858E-8BEEF843714B}.Debug|iPhoneSimulator.ActiveCfg = Debug|x86
		{D6565651-F692-429F-858E-8BEEF843714B}.Debug|iPhoneSimulator.Build.0 = Debug|x86
		{D6565651-F692-429F-858E-8BEEF843714B}.Debug|iPhoneSimulator.Deploy.0 = Debug|x86
		{D6565651-F692-429F-858E-8BEEF843714B}.Debug|x64.ActiveCfg = Debug|x64
		{D6565651-F692-429F-858E-8BEEF843714B}.Debug|x64.Build.0 = Debug|x64
		{D6565651-F692-429F-858E-8BEEF843714B}.Debug|x64.Deploy.0 = Debug|x64
		{D6565651-F692-429F-858E-8BEEF843714B}.Debug|x86.ActiveCfg = Debug|x86
		{D6565651-F692-429F-858E-8BEEF843714B}.Debug|x86.Build.0 = Debug|x86
		{D6565651-F692-429F-858E-8BEEF843714B}.Debug|x86.Deploy.0 = Debug|x86
		{D6565651-F692-429F-858E-8BEEF843714B}.Release|Any CPU.ActiveCfg = Release|x86
		{D6565651-F692-429F-858E-8BEEF843714B}.Release|Any CPU.Build.0 = Release|x86
		{D6565651-F692-429F-858E-8BEEF843714B}.Release|Any CPU.Deploy.0 = Release|x86
		{D6565651-F692-429F-858E-8BEEF843714B}.Release|ARM.ActiveCfg = Release|ARM
		{D6565651-F692-429F-858E-8BEEF843714B}.Release|ARM.Build.0 = Release|ARM
		{D6565651-F692-429F-858E-8BEEF843714B}.Release|ARM.Deploy.0 = Release|ARM
		{D6565651-F692-429F-858E-8BEEF843714B}.Release|iPhone.ActiveCfg = Release|x86
		{D6565651-F692-429F-858E-8BEEF843714B}.Release|iPhone.Build.0 = Release|x86
		{D6565651-F692-429F-858E-8BEEF843714B}.Release|iPhone.Deploy.0 = Release|x86
		{D6565651-F692-429F-858E-8BEEF843714B}.Release|iPhoneSimulator.ActiveCfg = Release|x86
		{D6565651-F692-429F-858E-8BEEF843714B}.Release|iPhoneSimulator.Build.0 = Release|x86
		{D6565651-F692-429F-858E-8BEEF843714B}.Release|iPhoneSimulator.Deploy.0 = Release|x86
		{D6565651-F692-429F-858E-8BEEF843714B}.Release|x64.ActiveCfg = Release|x64
		{D6565651-F692-429F-858E-8BEEF843714B}.Release|x64.Build.0 = Release|x64
		{D6565651-F692-429F-858E-8BEEF843714B}.Release|x64.Deploy.0 = Release|x64
		{D6565651-F692-429F-858E-8BEEF843714B}.Release|x86.ActiveCfg = Release|x86
		{D6565651-F692-429F-858E-8BEEF843714B}.Release|x86.Build.0 = Release|x86
		{D6565651-F692-429F-858E-8BEEF843714B}.Release|x86.Deploy.0 = Release|x86
		{AAC0F9AF-AB6B-448C-9DBE-E661ADF626E8}.Ad-Hoc|Any CPU.ActiveCfg = Debug|Any CPU
		{AAC0F9AF-AB6B-448C-9DBE-E661ADF626E8}.Ad-Hoc|Any CPU.Build.0 = Debug|Any CPU
		{AAC0F9AF-AB6B-448C-9DBE-E661ADF626E8}.Ad-Hoc|Any CPU.Deploy.0 = Debug|Any CPU
		{AAC0F9AF-AB6B-448C-9DBE-E661ADF626E8}.Ad-Hoc|ARM.ActiveCfg = Debug|Any CPU
		{AAC0F9AF-AB6B-448C-9DBE-E661ADF626E8}.Ad-Hoc|ARM.Build.0 = Debug|Any CPU
		{AAC0F9AF-AB6B-448C-9DBE-E661ADF626E8}.Ad-Hoc|ARM.Deploy.0 = Debug|Any CPU
		{AAC0F9AF-AB6B-448C-9DBE-E661ADF626E8}.Ad-Hoc|iPhone.ActiveCfg = Debug|Any CPU
		{AAC0F9AF-AB6B-448C-9DBE-E661ADF626E8}.Ad-Hoc|iPhone.Build.0 = Debug|Any CPU
		{AAC0F9AF-AB6B-448C-9DBE-E661ADF626E8}.Ad-Hoc|iPhone.Deploy.0 = Debug|Any CPU
		{AAC0F9AF-AB6B-448C-9DBE-E661ADF626E8}.Ad-Hoc|iPhoneSimulator.ActiveCfg = Debug|Any CPU
		{AAC0F9AF-AB6B-448C-9DBE-E661ADF626E8}.Ad-Hoc|iPhoneSimulator.Build.0 = Debug|Any CPU
		{AAC0F9AF-AB6B-448C-9DBE-E661ADF626E8}.Ad-Hoc|iPhoneSimulator.Deploy.0 = Debug|Any CPU
		{AAC0F9AF-AB6B-448C-9DBE-E661ADF626E8}.Ad-Hoc|x64.ActiveCfg = Debug|Any CPU
		{AAC0F9AF-AB6B-448C-9DBE-E661ADF626E8}.Ad-Hoc|x64.Build.0 = Debug|Any CPU
		{AAC0F9AF-AB6B-448C-9DBE-E661ADF626E8}.Ad-Hoc|x64.Deploy.0 = Debug|Any CPU
		{AAC0F9AF-AB6B-448C-9DBE-E661ADF626E8}.Ad-Hoc|x86.ActiveCfg = Debug|Any CPU
		{AAC0F9AF-AB6B-448C-9DBE-E661ADF626E8}.Ad-Hoc|x86.Build.0 = Debug|Any CPU
		{AAC0F9AF-AB6B-448C-9DBE-E661ADF626E8}.Ad-Hoc|x86.Deploy.0 = Debug|Any CPU
		{AAC0F9AF-AB6B-448C-9DBE-E661ADF626E8}.AppStore|Any CPU.ActiveCfg = Debug|Any CPU
		{AAC0F9AF-AB6B-448C-9DBE-E661ADF626E8}.AppStore|Any CPU.Build.0 = Debug|Any CPU
		{AAC0F9AF-AB6B-448C-9DBE-E661ADF626E8}.AppStore|Any CPU.Deploy.0 = Debug|Any CPU
		{AAC0F9AF-AB6B-448C-9DBE-E661ADF626E8}.AppStore|ARM.ActiveCfg = Debug|Any CPU
		{AAC0F9AF-AB6B-448C-9DBE-E661ADF626E8}.AppStore|ARM.Build.0 = Debug|Any CPU
		{AAC0F9AF-AB6B-448C-9DBE-E661ADF626E8}.AppStore|ARM.Deploy.0 = Debug|Any CPU
		{AAC0F9AF-AB6B-448C-9DBE-E661ADF626E8}.AppStore|iPhone.ActiveCfg = Debug|Any CPU
		{AAC0F9AF-AB6B-448C-9DBE-E661ADF626E8}.AppStore|iPhone.Build.0 = Debug|Any CPU
		{AAC0F9AF-AB6B-448C-9DBE-E661ADF626E8}.AppStore|iPhone.Deploy.0 = Debug|Any CPU
		{AAC0F9AF-AB6B-448C-9DBE-E661ADF626E8}.AppStore|iPhoneSimulator.ActiveCfg = Debug|Any CPU
		{AAC0F9AF-AB6B-448C-9DBE-E661ADF626E8}.AppStore|iPhoneSimulator.Build.0 = Debug|Any CPU
		{AAC0F9AF-AB6B-448C-9DBE-E661ADF626E8}.AppStore|iPhoneSimulator.Deploy.0 = Debug|Any CPU
		{AAC0F9AF-AB6B-448C-9DBE-E661ADF626E8}.AppStore|x64.ActiveCfg = Debug|Any CPU
		{AAC0F9AF-AB6B-448C-9DBE-E661ADF626E8}.AppStore|x64.Build.0 = Debug|Any CPU
		{AAC0F9AF-AB6B-448C-9DBE-E661ADF626E8}.AppStore|x64.Deploy.0 = Debug|Any CPU
		{AAC0F9AF-AB6B-448C-9DBE-E661ADF626E8}.AppStore|x86.ActiveCfg = Debug|Any CPU
		{AAC0F9AF-AB6B-448C-9DBE-E661ADF626E8}.AppStore|x86.Build.0 = Debug|Any CPU
		{AAC0F9AF-AB6B-448C-9DBE-E661ADF626E8}.AppStore|x86.Deploy.0 = Debug|Any CPU
		{AAC0F9AF-AB6B-448C-9DBE-E661ADF626E8}.Debug|Any CPU.ActiveCfg = Debug|Any CPU
		{AAC0F9AF-AB6B-448C-9DBE-E661ADF626E8}.Debug|Any CPU.Build.0 = Debug|Any CPU
		{AAC0F9AF-AB6B-448C-9DBE-E661ADF626E8}.Debug|Any CPU.Deploy.0 = Debug|Any CPU
		{AAC0F9AF-AB6B-448C-9DBE-E661ADF626E8}.Debug|ARM.ActiveCfg = Debug|Any CPU
		{AAC0F9AF-AB6B-448C-9DBE-E661ADF626E8}.Debug|ARM.Build.0 = Debug|Any CPU
		{AAC0F9AF-AB6B-448C-9DBE-E661ADF626E8}.Debug|ARM.Deploy.0 = Debug|Any CPU
		{AAC0F9AF-AB6B-448C-9DBE-E661ADF626E8}.Debug|iPhone.ActiveCfg = Debug|Any CPU
		{AAC0F9AF-AB6B-448C-9DBE-E661ADF626E8}.Debug|iPhone.Build.0 = Debug|Any CPU
		{AAC0F9AF-AB6B-448C-9DBE-E661ADF626E8}.Debug|iPhone.Deploy.0 = Debug|Any CPU
		{AAC0F9AF-AB6B-448C-9DBE-E661ADF626E8}.Debug|iPhoneSimulator.ActiveCfg = Debug|Any CPU
		{AAC0F9AF-AB6B-448C-9DBE-E661ADF626E8}.Debug|iPhoneSimulator.Build.0 = Debug|Any CPU
		{AAC0F9AF-AB6B-448C-9DBE-E661ADF626E8}.Debug|iPhoneSimulator.Deploy.0 = Debug|Any CPU
		{AAC0F9AF-AB6B-448C-9DBE-E661ADF626E8}.Debug|x64.ActiveCfg = Debug|Any CPU
		{AAC0F9AF-AB6B-448C-9DBE-E661ADF626E8}.Debug|x64.Build.0 = Debug|Any CPU
		{AAC0F9AF-AB6B-448C-9DBE-E661ADF626E8}.Debug|x64.Deploy.0 = Debug|Any CPU
		{AAC0F9AF-AB6B-448C-9DBE-E661ADF626E8}.Debug|x86.ActiveCfg = Debug|Any CPU
		{AAC0F9AF-AB6B-448C-9DBE-E661ADF626E8}.Debug|x86.Build.0 = Debug|Any CPU
		{AAC0F9AF-AB6B-448C-9DBE-E661ADF626E8}.Debug|x86.Deploy.0 = Debug|Any CPU
		{AAC0F9AF-AB6B-448C-9DBE-E661ADF626E8}.Release|Any CPU.ActiveCfg = Release|Any CPU
		{AAC0F9AF-AB6B-448C-9DBE-E661ADF626E8}.Release|Any CPU.Build.0 = Release|Any CPU
		{AAC0F9AF-AB6B-448C-9DBE-E661ADF626E8}.Release|Any CPU.Deploy.0 = Release|Any CPU
		{AAC0F9AF-AB6B-448C-9DBE-E661ADF626E8}.Release|ARM.ActiveCfg = Release|Any CPU
		{AAC0F9AF-AB6B-448C-9DBE-E661ADF626E8}.Release|ARM.Build.0 = Release|Any CPU
		{AAC0F9AF-AB6B-448C-9DBE-E661ADF626E8}.Release|ARM.Deploy.0 = Release|Any CPU
		{AAC0F9AF-AB6B-448C-9DBE-E661ADF626E8}.Release|iPhone.ActiveCfg = Release|Any CPU
		{AAC0F9AF-AB6B-448C-9DBE-E661ADF626E8}.Release|iPhone.Build.0 = Release|Any CPU
		{AAC0F9AF-AB6B-448C-9DBE-E661ADF626E8}.Release|iPhone.Deploy.0 = Release|Any CPU
		{AAC0F9AF-AB6B-448C-9DBE-E661ADF626E8}.Release|iPhoneSimulator.ActiveCfg = Release|Any CPU
		{AAC0F9AF-AB6B-448C-9DBE-E661ADF626E8}.Release|iPhoneSimulator.Build.0 = Release|Any CPU
		{AAC0F9AF-AB6B-448C-9DBE-E661ADF626E8}.Release|iPhoneSimulator.Deploy.0 = Release|Any CPU
		{AAC0F9AF-AB6B-448C-9DBE-E661ADF626E8}.Release|x64.ActiveCfg = Release|Any CPU
		{AAC0F9AF-AB6B-448C-9DBE-E661ADF626E8}.Release|x64.Build.0 = Release|Any CPU
		{AAC0F9AF-AB6B-448C-9DBE-E661ADF626E8}.Release|x64.Deploy.0 = Release|Any CPU
		{AAC0F9AF-AB6B-448C-9DBE-E661ADF626E8}.Release|x86.ActiveCfg = Release|Any CPU
		{AAC0F9AF-AB6B-448C-9DBE-E661ADF626E8}.Release|x86.Build.0 = Release|Any CPU
		{AAC0F9AF-AB6B-448C-9DBE-E661ADF626E8}.Release|x86.Deploy.0 = Release|Any CPU
		{45B5DD21-8E93-43DB-AA01-258AEEA072DC}.Ad-Hoc|Any CPU.ActiveCfg = Release|Any CPU
		{45B5DD21-8E93-43DB-AA01-258AEEA072DC}.Ad-Hoc|Any CPU.Build.0 = Release|Any CPU
		{45B5DD21-8E93-43DB-AA01-258AEEA072DC}.Ad-Hoc|ARM.ActiveCfg = Release|Any CPU
		{45B5DD21-8E93-43DB-AA01-258AEEA072DC}.Ad-Hoc|ARM.Build.0 = Release|Any CPU
		{45B5DD21-8E93-43DB-AA01-258AEEA072DC}.Ad-Hoc|iPhone.ActiveCfg = Release|Any CPU
		{45B5DD21-8E93-43DB-AA01-258AEEA072DC}.Ad-Hoc|iPhone.Build.0 = Release|Any CPU
		{45B5DD21-8E93-43DB-AA01-258AEEA072DC}.Ad-Hoc|iPhoneSimulator.ActiveCfg = Release|Any CPU
		{45B5DD21-8E93-43DB-AA01-258AEEA072DC}.Ad-Hoc|iPhoneSimulator.Build.0 = Release|Any CPU
		{45B5DD21-8E93-43DB-AA01-258AEEA072DC}.Ad-Hoc|x64.ActiveCfg = Release|Any CPU
		{45B5DD21-8E93-43DB-AA01-258AEEA072DC}.Ad-Hoc|x64.Build.0 = Release|Any CPU
		{45B5DD21-8E93-43DB-AA01-258AEEA072DC}.Ad-Hoc|x86.ActiveCfg = Release|Any CPU
		{45B5DD21-8E93-43DB-AA01-258AEEA072DC}.Ad-Hoc|x86.Build.0 = Release|Any CPU
		{45B5DD21-8E93-43DB-AA01-258AEEA072DC}.AppStore|Any CPU.ActiveCfg = Release|Any CPU
		{45B5DD21-8E93-43DB-AA01-258AEEA072DC}.AppStore|Any CPU.Build.0 = Release|Any CPU
		{45B5DD21-8E93-43DB-AA01-258AEEA072DC}.AppStore|ARM.ActiveCfg = Release|Any CPU
		{45B5DD21-8E93-43DB-AA01-258AEEA072DC}.AppStore|ARM.Build.0 = Release|Any CPU
		{45B5DD21-8E93-43DB-AA01-258AEEA072DC}.AppStore|iPhone.ActiveCfg = Release|Any CPU
		{45B5DD21-8E93-43DB-AA01-258AEEA072DC}.AppStore|iPhone.Build.0 = Release|Any CPU
		{45B5DD21-8E93-43DB-AA01-258AEEA072DC}.AppStore|iPhoneSimulator.ActiveCfg = Release|Any CPU
		{45B5DD21-8E93-43DB-AA01-258AEEA072DC}.AppStore|iPhoneSimulator.Build.0 = Release|Any CPU
		{45B5DD21-8E93-43DB-AA01-258AEEA072DC}.AppStore|x64.ActiveCfg = Release|Any CPU
		{45B5DD21-8E93-43DB-AA01-258AEEA072DC}.AppStore|x64.Build.0 = Release|Any CPU
		{45B5DD21-8E93-43DB-AA01-258AEEA072DC}.AppStore|x86.ActiveCfg = Release|Any CPU
		{45B5DD21-8E93-43DB-AA01-258AEEA072DC}.AppStore|x86.Build.0 = Release|Any CPU
		{45B5DD21-8E93-43DB-AA01-258AEEA072DC}.Debug|Any CPU.ActiveCfg = Debug|Any CPU
		{45B5DD21-8E93-43DB-AA01-258AEEA072DC}.Debug|Any CPU.Build.0 = Debug|Any CPU
		{45B5DD21-8E93-43DB-AA01-258AEEA072DC}.Debug|ARM.ActiveCfg = Debug|Any CPU
		{45B5DD21-8E93-43DB-AA01-258AEEA072DC}.Debug|ARM.Build.0 = Debug|Any CPU
		{45B5DD21-8E93-43DB-AA01-258AEEA072DC}.Debug|iPhone.ActiveCfg = Debug|Any CPU
		{45B5DD21-8E93-43DB-AA01-258AEEA072DC}.Debug|iPhone.Build.0 = Debug|Any CPU
		{45B5DD21-8E93-43DB-AA01-258AEEA072DC}.Debug|iPhoneSimulator.ActiveCfg = Debug|Any CPU
		{45B5DD21-8E93-43DB-AA01-258AEEA072DC}.Debug|iPhoneSimulator.Build.0 = Debug|Any CPU
		{45B5DD21-8E93-43DB-AA01-258AEEA072DC}.Debug|x64.ActiveCfg = Debug|Any CPU
		{45B5DD21-8E93-43DB-AA01-258AEEA072DC}.Debug|x64.Build.0 = Debug|Any CPU
		{45B5DD21-8E93-43DB-AA01-258AEEA072DC}.Debug|x86.ActiveCfg = Debug|Any CPU
		{45B5DD21-8E93-43DB-AA01-258AEEA072DC}.Debug|x86.Build.0 = Debug|Any CPU
		{45B5DD21-8E93-43DB-AA01-258AEEA072DC}.Release|Any CPU.ActiveCfg = Release|Any CPU
		{45B5DD21-8E93-43DB-AA01-258AEEA072DC}.Release|Any CPU.Build.0 = Release|Any CPU
		{45B5DD21-8E93-43DB-AA01-258AEEA072DC}.Release|ARM.ActiveCfg = Release|Any CPU
		{45B5DD21-8E93-43DB-AA01-258AEEA072DC}.Release|ARM.Build.0 = Release|Any CPU
		{45B5DD21-8E93-43DB-AA01-258AEEA072DC}.Release|iPhone.ActiveCfg = Release|Any CPU
		{45B5DD21-8E93-43DB-AA01-258AEEA072DC}.Release|iPhone.Build.0 = Release|Any CPU
		{45B5DD21-8E93-43DB-AA01-258AEEA072DC}.Release|iPhoneSimulator.ActiveCfg = Release|Any CPU
		{45B5DD21-8E93-43DB-AA01-258AEEA072DC}.Release|iPhoneSimulator.Build.0 = Release|Any CPU
		{45B5DD21-8E93-43DB-AA01-258AEEA072DC}.Release|x64.ActiveCfg = Release|Any CPU
		{45B5DD21-8E93-43DB-AA01-258AEEA072DC}.Release|x64.Build.0 = Release|Any CPU
		{45B5DD21-8E93-43DB-AA01-258AEEA072DC}.Release|x86.ActiveCfg = Release|Any CPU
		{45B5DD21-8E93-43DB-AA01-258AEEA072DC}.Release|x86.Build.0 = Release|Any CPU
		{72928EB9-092C-49D8-8470-31AA5AEE7D02}.Ad-Hoc|Any CPU.ActiveCfg = Release|Any CPU
		{72928EB9-092C-49D8-8470-31AA5AEE7D02}.Ad-Hoc|Any CPU.Build.0 = Release|Any CPU
		{72928EB9-092C-49D8-8470-31AA5AEE7D02}.Ad-Hoc|ARM.ActiveCfg = Release|Any CPU
		{72928EB9-092C-49D8-8470-31AA5AEE7D02}.Ad-Hoc|ARM.Build.0 = Release|Any CPU
		{72928EB9-092C-49D8-8470-31AA5AEE7D02}.Ad-Hoc|iPhone.ActiveCfg = Release|Any CPU
		{72928EB9-092C-49D8-8470-31AA5AEE7D02}.Ad-Hoc|iPhone.Build.0 = Release|Any CPU
		{72928EB9-092C-49D8-8470-31AA5AEE7D02}.Ad-Hoc|iPhoneSimulator.ActiveCfg = Release|Any CPU
		{72928EB9-092C-49D8-8470-31AA5AEE7D02}.Ad-Hoc|iPhoneSimulator.Build.0 = Release|Any CPU
		{72928EB9-092C-49D8-8470-31AA5AEE7D02}.Ad-Hoc|x64.ActiveCfg = Release|Any CPU
		{72928EB9-092C-49D8-8470-31AA5AEE7D02}.Ad-Hoc|x64.Build.0 = Release|Any CPU
		{72928EB9-092C-49D8-8470-31AA5AEE7D02}.Ad-Hoc|x86.ActiveCfg = Release|Any CPU
		{72928EB9-092C-49D8-8470-31AA5AEE7D02}.Ad-Hoc|x86.Build.0 = Release|Any CPU
		{72928EB9-092C-49D8-8470-31AA5AEE7D02}.AppStore|Any CPU.ActiveCfg = Release|Any CPU
		{72928EB9-092C-49D8-8470-31AA5AEE7D02}.AppStore|Any CPU.Build.0 = Release|Any CPU
		{72928EB9-092C-49D8-8470-31AA5AEE7D02}.AppStore|ARM.ActiveCfg = Release|Any CPU
		{72928EB9-092C-49D8-8470-31AA5AEE7D02}.AppStore|ARM.Build.0 = Release|Any CPU
		{72928EB9-092C-49D8-8470-31AA5AEE7D02}.AppStore|iPhone.ActiveCfg = Release|Any CPU
		{72928EB9-092C-49D8-8470-31AA5AEE7D02}.AppStore|iPhone.Build.0 = Release|Any CPU
		{72928EB9-092C-49D8-8470-31AA5AEE7D02}.AppStore|iPhoneSimulator.ActiveCfg = Release|Any CPU
		{72928EB9-092C-49D8-8470-31AA5AEE7D02}.AppStore|iPhoneSimulator.Build.0 = Release|Any CPU
		{72928EB9-092C-49D8-8470-31AA5AEE7D02}.AppStore|x64.ActiveCfg = Release|Any CPU
		{72928EB9-092C-49D8-8470-31AA5AEE7D02}.AppStore|x64.Build.0 = Release|Any CPU
		{72928EB9-092C-49D8-8470-31AA5AEE7D02}.AppStore|x86.ActiveCfg = Release|Any CPU
		{72928EB9-092C-49D8-8470-31AA5AEE7D02}.AppStore|x86.Build.0 = Release|Any CPU
		{72928EB9-092C-49D8-8470-31AA5AEE7D02}.Debug|Any CPU.ActiveCfg = Debug|Any CPU
		{72928EB9-092C-49D8-8470-31AA5AEE7D02}.Debug|Any CPU.Build.0 = Debug|Any CPU
		{72928EB9-092C-49D8-8470-31AA5AEE7D02}.Debug|ARM.ActiveCfg = Debug|Any CPU
		{72928EB9-092C-49D8-8470-31AA5AEE7D02}.Debug|ARM.Build.0 = Debug|Any CPU
		{72928EB9-092C-49D8-8470-31AA5AEE7D02}.Debug|iPhone.ActiveCfg = Debug|Any CPU
		{72928EB9-092C-49D8-8470-31AA5AEE7D02}.Debug|iPhone.Build.0 = Debug|Any CPU
		{72928EB9-092C-49D8-8470-31AA5AEE7D02}.Debug|iPhoneSimulator.ActiveCfg = Debug|Any CPU
		{72928EB9-092C-49D8-8470-31AA5AEE7D02}.Debug|iPhoneSimulator.Build.0 = Debug|Any CPU
		{72928EB9-092C-49D8-8470-31AA5AEE7D02}.Debug|x64.ActiveCfg = Debug|Any CPU
		{72928EB9-092C-49D8-8470-31AA5AEE7D02}.Debug|x64.Build.0 = Debug|Any CPU
		{72928EB9-092C-49D8-8470-31AA5AEE7D02}.Debug|x86.ActiveCfg = Debug|Any CPU
		{72928EB9-092C-49D8-8470-31AA5AEE7D02}.Debug|x86.Build.0 = Debug|Any CPU
		{72928EB9-092C-49D8-8470-31AA5AEE7D02}.Release|Any CPU.ActiveCfg = Release|Any CPU
		{72928EB9-092C-49D8-8470-31AA5AEE7D02}.Release|Any CPU.Build.0 = Release|Any CPU
		{72928EB9-092C-49D8-8470-31AA5AEE7D02}.Release|ARM.ActiveCfg = Release|Any CPU
		{72928EB9-092C-49D8-8470-31AA5AEE7D02}.Release|ARM.Build.0 = Release|Any CPU
		{72928EB9-092C-49D8-8470-31AA5AEE7D02}.Release|iPhone.ActiveCfg = Release|Any CPU
		{72928EB9-092C-49D8-8470-31AA5AEE7D02}.Release|iPhone.Build.0 = Release|Any CPU
		{72928EB9-092C-49D8-8470-31AA5AEE7D02}.Release|iPhoneSimulator.ActiveCfg = Release|Any CPU
		{72928EB9-092C-49D8-8470-31AA5AEE7D02}.Release|iPhoneSimulator.Build.0 = Release|Any CPU
		{72928EB9-092C-49D8-8470-31AA5AEE7D02}.Release|x64.ActiveCfg = Release|Any CPU
		{72928EB9-092C-49D8-8470-31AA5AEE7D02}.Release|x64.Build.0 = Release|Any CPU
		{72928EB9-092C-49D8-8470-31AA5AEE7D02}.Release|x86.ActiveCfg = Release|Any CPU
		{72928EB9-092C-49D8-8470-31AA5AEE7D02}.Release|x86.Build.0 = Release|Any CPU
		{22B2B3AB-73D6-45D0-A06D-75019F1D2126}.Ad-Hoc|Any CPU.ActiveCfg = Release|Any CPU
		{22B2B3AB-73D6-45D0-A06D-75019F1D2126}.Ad-Hoc|Any CPU.Build.0 = Release|Any CPU
		{22B2B3AB-73D6-45D0-A06D-75019F1D2126}.Ad-Hoc|ARM.ActiveCfg = Release|Any CPU
		{22B2B3AB-73D6-45D0-A06D-75019F1D2126}.Ad-Hoc|ARM.Build.0 = Release|Any CPU
		{22B2B3AB-73D6-45D0-A06D-75019F1D2126}.Ad-Hoc|iPhone.ActiveCfg = Release|Any CPU
		{22B2B3AB-73D6-45D0-A06D-75019F1D2126}.Ad-Hoc|iPhone.Build.0 = Release|Any CPU
		{22B2B3AB-73D6-45D0-A06D-75019F1D2126}.Ad-Hoc|iPhoneSimulator.ActiveCfg = Release|Any CPU
		{22B2B3AB-73D6-45D0-A06D-75019F1D2126}.Ad-Hoc|iPhoneSimulator.Build.0 = Release|Any CPU
		{22B2B3AB-73D6-45D0-A06D-75019F1D2126}.Ad-Hoc|x64.ActiveCfg = Release|Any CPU
		{22B2B3AB-73D6-45D0-A06D-75019F1D2126}.Ad-Hoc|x64.Build.0 = Release|Any CPU
		{22B2B3AB-73D6-45D0-A06D-75019F1D2126}.Ad-Hoc|x86.ActiveCfg = Release|Any CPU
		{22B2B3AB-73D6-45D0-A06D-75019F1D2126}.Ad-Hoc|x86.Build.0 = Release|Any CPU
		{22B2B3AB-73D6-45D0-A06D-75019F1D2126}.AppStore|Any CPU.ActiveCfg = Release|Any CPU
		{22B2B3AB-73D6-45D0-A06D-75019F1D2126}.AppStore|Any CPU.Build.0 = Release|Any CPU
		{22B2B3AB-73D6-45D0-A06D-75019F1D2126}.AppStore|ARM.ActiveCfg = Release|Any CPU
		{22B2B3AB-73D6-45D0-A06D-75019F1D2126}.AppStore|ARM.Build.0 = Release|Any CPU
		{22B2B3AB-73D6-45D0-A06D-75019F1D2126}.AppStore|iPhone.ActiveCfg = Release|Any CPU
		{22B2B3AB-73D6-45D0-A06D-75019F1D2126}.AppStore|iPhone.Build.0 = Release|Any CPU
		{22B2B3AB-73D6-45D0-A06D-75019F1D2126}.AppStore|iPhoneSimulator.ActiveCfg = Release|Any CPU
		{22B2B3AB-73D6-45D0-A06D-75019F1D2126}.AppStore|iPhoneSimulator.Build.0 = Release|Any CPU
		{22B2B3AB-73D6-45D0-A06D-75019F1D2126}.AppStore|x64.ActiveCfg = Release|Any CPU
		{22B2B3AB-73D6-45D0-A06D-75019F1D2126}.AppStore|x64.Build.0 = Release|Any CPU
		{22B2B3AB-73D6-45D0-A06D-75019F1D2126}.AppStore|x86.ActiveCfg = Release|Any CPU
		{22B2B3AB-73D6-45D0-A06D-75019F1D2126}.AppStore|x86.Build.0 = Release|Any CPU
		{22B2B3AB-73D6-45D0-A06D-75019F1D2126}.Debug|Any CPU.ActiveCfg = Debug|Any CPU
		{22B2B3AB-73D6-45D0-A06D-75019F1D2126}.Debug|Any CPU.Build.0 = Debug|Any CPU
		{22B2B3AB-73D6-45D0-A06D-75019F1D2126}.Debug|ARM.ActiveCfg = Debug|Any CPU
		{22B2B3AB-73D6-45D0-A06D-75019F1D2126}.Debug|ARM.Build.0 = Debug|Any CPU
		{22B2B3AB-73D6-45D0-A06D-75019F1D2126}.Debug|iPhone.ActiveCfg = Debug|Any CPU
		{22B2B3AB-73D6-45D0-A06D-75019F1D2126}.Debug|iPhone.Build.0 = Debug|Any CPU
		{22B2B3AB-73D6-45D0-A06D-75019F1D2126}.Debug|iPhoneSimulator.ActiveCfg = Debug|Any CPU
		{22B2B3AB-73D6-45D0-A06D-75019F1D2126}.Debug|iPhoneSimulator.Build.0 = Debug|Any CPU
		{22B2B3AB-73D6-45D0-A06D-75019F1D2126}.Debug|x64.ActiveCfg = Debug|Any CPU
		{22B2B3AB-73D6-45D0-A06D-75019F1D2126}.Debug|x64.Build.0 = Debug|Any CPU
		{22B2B3AB-73D6-45D0-A06D-75019F1D2126}.Debug|x86.ActiveCfg = Debug|Any CPU
		{22B2B3AB-73D6-45D0-A06D-75019F1D2126}.Debug|x86.Build.0 = Debug|Any CPU
		{22B2B3AB-73D6-45D0-A06D-75019F1D2126}.Release|Any CPU.ActiveCfg = Release|Any CPU
		{22B2B3AB-73D6-45D0-A06D-75019F1D2126}.Release|Any CPU.Build.0 = Release|Any CPU
		{22B2B3AB-73D6-45D0-A06D-75019F1D2126}.Release|ARM.ActiveCfg = Release|Any CPU
		{22B2B3AB-73D6-45D0-A06D-75019F1D2126}.Release|ARM.Build.0 = Release|Any CPU
		{22B2B3AB-73D6-45D0-A06D-75019F1D2126}.Release|iPhone.ActiveCfg = Release|Any CPU
		{22B2B3AB-73D6-45D0-A06D-75019F1D2126}.Release|iPhone.Build.0 = Release|Any CPU
		{22B2B3AB-73D6-45D0-A06D-75019F1D2126}.Release|iPhoneSimulator.ActiveCfg = Release|Any CPU
		{22B2B3AB-73D6-45D0-A06D-75019F1D2126}.Release|iPhoneSimulator.Build.0 = Release|Any CPU
		{22B2B3AB-73D6-45D0-A06D-75019F1D2126}.Release|x64.ActiveCfg = Release|Any CPU
		{22B2B3AB-73D6-45D0-A06D-75019F1D2126}.Release|x64.Build.0 = Release|Any CPU
		{22B2B3AB-73D6-45D0-A06D-75019F1D2126}.Release|x86.ActiveCfg = Release|Any CPU
		{22B2B3AB-73D6-45D0-A06D-75019F1D2126}.Release|x86.Build.0 = Release|Any CPU
		{B67DE217-4AE9-46D4-83FD-FCB66A267E02}.Ad-Hoc|Any CPU.ActiveCfg = Release|Any CPU
		{B67DE217-4AE9-46D4-83FD-FCB66A267E02}.Ad-Hoc|Any CPU.Build.0 = Release|Any CPU
		{B67DE217-4AE9-46D4-83FD-FCB66A267E02}.Ad-Hoc|ARM.ActiveCfg = Release|Any CPU
		{B67DE217-4AE9-46D4-83FD-FCB66A267E02}.Ad-Hoc|ARM.Build.0 = Release|Any CPU
		{B67DE217-4AE9-46D4-83FD-FCB66A267E02}.Ad-Hoc|iPhone.ActiveCfg = Release|Any CPU
		{B67DE217-4AE9-46D4-83FD-FCB66A267E02}.Ad-Hoc|iPhone.Build.0 = Release|Any CPU
		{B67DE217-4AE9-46D4-83FD-FCB66A267E02}.Ad-Hoc|iPhoneSimulator.ActiveCfg = Release|Any CPU
		{B67DE217-4AE9-46D4-83FD-FCB66A267E02}.Ad-Hoc|iPhoneSimulator.Build.0 = Release|Any CPU
		{B67DE217-4AE9-46D4-83FD-FCB66A267E02}.Ad-Hoc|x64.ActiveCfg = Release|Any CPU
		{B67DE217-4AE9-46D4-83FD-FCB66A267E02}.Ad-Hoc|x64.Build.0 = Release|Any CPU
		{B67DE217-4AE9-46D4-83FD-FCB66A267E02}.Ad-Hoc|x86.ActiveCfg = Release|Any CPU
		{B67DE217-4AE9-46D4-83FD-FCB66A267E02}.Ad-Hoc|x86.Build.0 = Release|Any CPU
		{B67DE217-4AE9-46D4-83FD-FCB66A267E02}.AppStore|Any CPU.ActiveCfg = Release|Any CPU
		{B67DE217-4AE9-46D4-83FD-FCB66A267E02}.AppStore|Any CPU.Build.0 = Release|Any CPU
		{B67DE217-4AE9-46D4-83FD-FCB66A267E02}.AppStore|ARM.ActiveCfg = Release|Any CPU
		{B67DE217-4AE9-46D4-83FD-FCB66A267E02}.AppStore|ARM.Build.0 = Release|Any CPU
		{B67DE217-4AE9-46D4-83FD-FCB66A267E02}.AppStore|iPhone.ActiveCfg = Release|Any CPU
		{B67DE217-4AE9-46D4-83FD-FCB66A267E02}.AppStore|iPhone.Build.0 = Release|Any CPU
		{B67DE217-4AE9-46D4-83FD-FCB66A267E02}.AppStore|iPhoneSimulator.ActiveCfg = Release|Any CPU
		{B67DE217-4AE9-46D4-83FD-FCB66A267E02}.AppStore|iPhoneSimulator.Build.0 = Release|Any CPU
		{B67DE217-4AE9-46D4-83FD-FCB66A267E02}.AppStore|x64.ActiveCfg = Release|Any CPU
		{B67DE217-4AE9-46D4-83FD-FCB66A267E02}.AppStore|x64.Build.0 = Release|Any CPU
		{B67DE217-4AE9-46D4-83FD-FCB66A267E02}.AppStore|x86.ActiveCfg = Release|Any CPU
		{B67DE217-4AE9-46D4-83FD-FCB66A267E02}.AppStore|x86.Build.0 = Release|Any CPU
		{B67DE217-4AE9-46D4-83FD-FCB66A267E02}.Debug|Any CPU.ActiveCfg = Debug|Any CPU
		{B67DE217-4AE9-46D4-83FD-FCB66A267E02}.Debug|Any CPU.Build.0 = Debug|Any CPU
		{B67DE217-4AE9-46D4-83FD-FCB66A267E02}.Debug|ARM.ActiveCfg = Debug|Any CPU
		{B67DE217-4AE9-46D4-83FD-FCB66A267E02}.Debug|ARM.Build.0 = Debug|Any CPU
		{B67DE217-4AE9-46D4-83FD-FCB66A267E02}.Debug|iPhone.ActiveCfg = Debug|Any CPU
		{B67DE217-4AE9-46D4-83FD-FCB66A267E02}.Debug|iPhone.Build.0 = Debug|Any CPU
		{B67DE217-4AE9-46D4-83FD-FCB66A267E02}.Debug|iPhoneSimulator.ActiveCfg = Debug|Any CPU
		{B67DE217-4AE9-46D4-83FD-FCB66A267E02}.Debug|iPhoneSimulator.Build.0 = Debug|Any CPU
		{B67DE217-4AE9-46D4-83FD-FCB66A267E02}.Debug|x64.ActiveCfg = Debug|Any CPU
		{B67DE217-4AE9-46D4-83FD-FCB66A267E02}.Debug|x64.Build.0 = Debug|Any CPU
		{B67DE217-4AE9-46D4-83FD-FCB66A267E02}.Debug|x86.ActiveCfg = Debug|Any CPU
		{B67DE217-4AE9-46D4-83FD-FCB66A267E02}.Debug|x86.Build.0 = Debug|Any CPU
		{B67DE217-4AE9-46D4-83FD-FCB66A267E02}.Release|Any CPU.ActiveCfg = Release|Any CPU
		{B67DE217-4AE9-46D4-83FD-FCB66A267E02}.Release|Any CPU.Build.0 = Release|Any CPU
		{B67DE217-4AE9-46D4-83FD-FCB66A267E02}.Release|ARM.ActiveCfg = Release|Any CPU
		{B67DE217-4AE9-46D4-83FD-FCB66A267E02}.Release|ARM.Build.0 = Release|Any CPU
		{B67DE217-4AE9-46D4-83FD-FCB66A267E02}.Release|iPhone.ActiveCfg = Release|Any CPU
		{B67DE217-4AE9-46D4-83FD-FCB66A267E02}.Release|iPhone.Build.0 = Release|Any CPU
		{B67DE217-4AE9-46D4-83FD-FCB66A267E02}.Release|iPhoneSimulator.ActiveCfg = Release|Any CPU
		{B67DE217-4AE9-46D4-83FD-FCB66A267E02}.Release|iPhoneSimulator.Build.0 = Release|Any CPU
		{B67DE217-4AE9-46D4-83FD-FCB66A267E02}.Release|x64.ActiveCfg = Release|Any CPU
		{B67DE217-4AE9-46D4-83FD-FCB66A267E02}.Release|x64.Build.0 = Release|Any CPU
		{B67DE217-4AE9-46D4-83FD-FCB66A267E02}.Release|x86.ActiveCfg = Release|Any CPU
		{B67DE217-4AE9-46D4-83FD-FCB66A267E02}.Release|x86.Build.0 = Release|Any CPU
	EndGlobalSection
	GlobalSection(SolutionProperties) = preSolution
		HideSolutionNode = FALSE
	EndGlobalSection
	GlobalSection(ExtensibilityGlobals) = postSolution
		SolutionGuid = {30F0AEDB-98E0-4344-BFD0-3B7A6943A0A9}
	EndGlobalSection
EndGlobal
